// !$*UTF8*$!
{
	archiveVersion = 1;
	classes = {
	};
	objectVersion = 56;
	objects = {

/* Begin PBXBuildFile section */
		7F4ABEC32D4151B100147E5F /* ServicesLocalizable.strings in Resources */ = {isa = PBXBuildFile; fileRef = 7F4ABEC12D4151B100147E5F /* ServicesLocalizable.strings */; };
		7F4ABEC62D4158B300147E5F /* localizedService.swift in Sources */ = {isa = PBXBuildFile; fileRef = 7F4ABEC52D4158B300147E5F /* localizedService.swift */; };
		7F4ABEC92D41612C00147E5F /* ServiceDetailView.swift in Sources */ = {isa = PBXBuildFile; fileRef = 7F4ABEC82D41612C00147E5F /* ServiceDetailView.swift */; };
		7F4ABECB2D41685700147E5F /* ThemeManager.swift in Sources */ = {isa = PBXBuildFile; fileRef = 7F4ABECA2D41685700147E5F /* ThemeManager.swift */; };
		7F4ABECD2D416ABA00147E5F /* Colors.swift in Sources */ = {isa = PBXBuildFile; fileRef = 7F4ABECC2D416ABA00147E5F /* Colors.swift */; };
		7F4ABECF2D41784400147E5F /* EmptyView.swift in Sources */ = {isa = PBXBuildFile; fileRef = 7F4ABECE2D41784400147E5F /* EmptyView.swift */; };
		7F6693D52D400C1400A01912 /* AhadAlbaqmi_Drahim_AssessmentApp.swift in Sources */ = {isa = PBXBuildFile; fileRef = 7F6693D42D400C1400A01912 /* AhadAlbaqmi_Drahim_AssessmentApp.swift */; };
		7F6693D92D400C1500A01912 /* Assets.xcassets in Resources */ = {isa = PBXBuildFile; fileRef = 7F6693D82D400C1500A01912 /* Assets.xcassets */; };
		7F6693DC2D400C1500A01912 /* Preview Assets.xcassets in Resources */ = {isa = PBXBuildFile; fileRef = 7F6693DB2D400C1500A01912 /* Preview Assets.xcassets */; };
		7F6693E72D40155300A01912 /* ServicesView.swift in Sources */ = {isa = PBXBuildFile; fileRef = 7F6693E62D40155300A01912 /* ServicesView.swift */; };
		7F6693E92D40164D00A01912 /* ServicesModel.swift in Sources */ = {isa = PBXBuildFile; fileRef = 7F6693E82D40164D00A01912 /* ServicesModel.swift */; };
		7F6693EB2D40199000A01912 /* ServicesViewModel.swift in Sources */ = {isa = PBXBuildFile; fileRef = 7F6693EA2D40199000A01912 /* ServicesViewModel.swift */; };
/* End PBXBuildFile section */

/* Begin PBXFileReference section */
		7F4ABEC22D4151B100147E5F /* en */ = {isa = PBXFileReference; lastKnownFileType = text.plist.strings; name = en; path = en.lproj/ServicesLocalizable.strings; sourceTree = "<group>"; };
		7F4ABEC42D4151FD00147E5F /* ar */ = {isa = PBXFileReference; lastKnownFileType = text.plist.strings; name = ar; path = ar.lproj/ServicesLocalizable.strings; sourceTree = "<group>"; };
		7F4ABEC52D4158B300147E5F /* localizedService.swift */ = {isa = PBXFileReference; lastKnownFileType = sourcecode.swift; path = localizedService.swift; sourceTree = "<group>"; };
		7F4ABEC82D41612C00147E5F /* ServiceDetailView.swift */ = {isa = PBXFileReference; lastKnownFileType = sourcecode.swift; path = ServiceDetailView.swift; sourceTree = "<group>"; };
		7F4ABECA2D41685700147E5F /* ThemeManager.swift */ = {isa = PBXFileReference; lastKnownFileType = sourcecode.swift; path = ThemeManager.swift; sourceTree = "<group>"; };
		7F4ABECC2D416ABA00147E5F /* Colors.swift */ = {isa = PBXFileReference; lastKnownFileType = sourcecode.swift; path = Colors.swift; sourceTree = "<group>"; };
		7F4ABECE2D41784400147E5F /* EmptyView.swift */ = {isa = PBXFileReference; lastKnownFileType = sourcecode.swift; path = EmptyView.swift; sourceTree = "<group>"; };
		7F6693D12D400C1400A01912 /* AhadAlbaqmi_Drahim_Assessment.app */ = {isa = PBXFileReference; explicitFileType = wrapper.application; includeInIndex = 0; path = AhadAlbaqmi_Drahim_Assessment.app; sourceTree = BUILT_PRODUCTS_DIR; };
		7F6693D42D400C1400A01912 /* AhadAlbaqmi_Drahim_AssessmentApp.swift */ = {isa = PBXFileReference; lastKnownFileType = sourcecode.swift; path = AhadAlbaqmi_Drahim_AssessmentApp.swift; sourceTree = "<group>"; };
		7F6693D82D400C1500A01912 /* Assets.xcassets */ = {isa = PBXFileReference; lastKnownFileType = folder.assetcatalog; path = Assets.xcassets; sourceTree = "<group>"; };
		7F6693DB2D400C1500A01912 /* Preview Assets.xcassets */ = {isa = PBXFileReference; lastKnownFileType = folder.assetcatalog; path = "Preview Assets.xcassets"; sourceTree = "<group>"; };
		7F6693E62D40155300A01912 /* ServicesView.swift */ = {isa = PBXFileReference; lastKnownFileType = sourcecode.swift; path = ServicesView.swift; sourceTree = "<group>"; };
		7F6693E82D40164D00A01912 /* ServicesModel.swift */ = {isa = PBXFileReference; lastKnownFileType = sourcecode.swift; path = ServicesModel.swift; sourceTree = "<group>"; };
		7F6693EA2D40199000A01912 /* ServicesViewModel.swift */ = {isa = PBXFileReference; lastKnownFileType = sourcecode.swift; path = ServicesViewModel.swift; sourceTree = "<group>"; };
/* End PBXFileReference section */

/* Begin PBXFrameworksBuildPhase section */
		7F6693CE2D400C1400A01912 /* Frameworks */ = {
			isa = PBXFrameworksBuildPhase;
			buildActionMask = 2147483647;
			files = (
			);
			runOnlyForDeploymentPostprocessing = 0;
		};
/* End PBXFrameworksBuildPhase section */

/* Begin PBXGroup section */
		7F4ABEC02D41518D00147E5F /* Resources */ = {
			isa = PBXGroup;
			children = (
				7F4ABEC12D4151B100147E5F /* ServicesLocalizable.strings */,
			);
			path = Resources;
			sourceTree = "<group>";
		};
		7F4ABEC72D4159BC00147E5F /* Resource */ = {
			isa = PBXGroup;
			children = (
				7F6693D82D400C1500A01912 /* Assets.xcassets */,
				7F4ABEC52D4158B300147E5F /* localizedService.swift */,
				7F4ABECA2D41685700147E5F /* ThemeManager.swift */,
				7F4ABECC2D416ABA00147E5F /* Colors.swift */,
				7F4ABECE2D41784400147E5F /* EmptyView.swift */,
			);
			path = Resource;
			sourceTree = "<group>";
		};
		7F6693C82D400C1400A01912 = {
			isa = PBXGroup;
			children = (
				7F6693D32D400C1400A01912 /* AhadAlbaqmi_Drahim_Assessment */,
				7F6693D22D400C1400A01912 /* Products */,
			);
			sourceTree = "<group>";
		};
		7F6693D22D400C1400A01912 /* Products */ = {
			isa = PBXGroup;
			children = (
				7F6693D12D400C1400A01912 /* AhadAlbaqmi_Drahim_Assessment.app */,
			);
			name = Products;
			sourceTree = "<group>";
		};
		7F6693D32D400C1400A01912 /* AhadAlbaqmi_Drahim_Assessment */ = {
			isa = PBXGroup;
			children = (
				7F6693D42D400C1400A01912 /* AhadAlbaqmi_Drahim_AssessmentApp.swift */,
				7F4ABEC72D4159BC00147E5F /* Resource */,
				7F6693DA2D400C1500A01912 /* Preview Content */,
				7F6693E22D40151700A01912 /* ServicesModule */,
			);
			path = AhadAlbaqmi_Drahim_Assessment;
			sourceTree = "<group>";
		};
		7F6693DA2D400C1500A01912 /* Preview Content */ = {
			isa = PBXGroup;
			children = (
				7F6693DB2D400C1500A01912 /* Preview Assets.xcassets */,
			);
			path = "Preview Content";
			sourceTree = "<group>";
		};
		7F6693E22D40151700A01912 /* ServicesModule */ = {
			isa = PBXGroup;
			children = (
				7F4ABEC02D41518D00147E5F /* Resources */,
				7F6693E52D40153600A01912 /* Model */,
				7F6693E42D40152C00A01912 /* ViewModel */,
				7F6693E32D40152700A01912 /* View */,
			);
			path = ServicesModule;
			sourceTree = "<group>";
		};
		7F6693E32D40152700A01912 /* View */ = {
			isa = PBXGroup;
			children = (
				7F6693E62D40155300A01912 /* ServicesView.swift */,
				7F4ABEC82D41612C00147E5F /* ServiceDetailView.swift */,
			);
			path = View;
			sourceTree = "<group>";
		};
		7F6693E42D40152C00A01912 /* ViewModel */ = {
			isa = PBXGroup;
			children = (
				7F6693EA2D40199000A01912 /* ServicesViewModel.swift */,
			);
			path = ViewModel;
			sourceTree = "<group>";
		};
		7F6693E52D40153600A01912 /* Model */ = {
			isa = PBXGroup;
			children = (
				7F6693E82D40164D00A01912 /* ServicesModel.swift */,
			);
			path = Model;
			sourceTree = "<group>";
		};
/* End PBXGroup section */

/* Begin PBXNativeTarget section */
		7F6693D02D400C1400A01912 /* AhadAlbaqmi_Drahim_Assessment */ = {
			isa = PBXNativeTarget;
			buildConfigurationList = 7F6693DF2D400C1500A01912 /* Build configuration list for PBXNativeTarget "AhadAlbaqmi_Drahim_Assessment" */;
			buildPhases = (
				7F6693CD2D400C1400A01912 /* Sources */,
				7F6693CE2D400C1400A01912 /* Frameworks */,
				7F6693CF2D400C1400A01912 /* Resources */,
			);
			buildRules = (
			);
			dependencies = (
			);
			name = AhadAlbaqmi_Drahim_Assessment;
			productName = AhadAlbaqmi_Drahim_Assessment;
			productReference = 7F6693D12D400C1400A01912 /* AhadAlbaqmi_Drahim_Assessment.app */;
			productType = "com.apple.product-type.application";
		};
/* End PBXNativeTarget section */

/* Begin PBXProject section */
		7F6693C92D400C1400A01912 /* Project object */ = {
			isa = PBXProject;
			attributes = {
				BuildIndependentTargetsInParallel = 1;
				LastSwiftUpdateCheck = 1530;
				LastUpgradeCheck = 1530;
				TargetAttributes = {
					7F6693D02D400C1400A01912 = {
						CreatedOnToolsVersion = 15.3;
					};
				};
			};
			buildConfigurationList = 7F6693CC2D400C1400A01912 /* Build configuration list for PBXProject "AhadAlbaqmi_Drahim_Assessment" */;
			compatibilityVersion = "Xcode 14.0";
			developmentRegion = en;
			hasScannedForEncodings = 0;
			knownRegions = (
				en,
				Base,
				ar,
			);
			mainGroup = 7F6693C82D400C1400A01912;
			productRefGroup = 7F6693D22D400C1400A01912 /* Products */;
			projectDirPath = "";
			projectRoot = "";
			targets = (
				7F6693D02D400C1400A01912 /* AhadAlbaqmi_Drahim_Assessment */,
			);
		};
/* End PBXProject section */

/* Begin PBXResourcesBuildPhase section */
		7F6693CF2D400C1400A01912 /* Resources */ = {
			isa = PBXResourcesBuildPhase;
			buildActionMask = 2147483647;
			files = (
				7F6693DC2D400C1500A01912 /* Preview Assets.xcassets in Resources */,
				7F4ABEC32D4151B100147E5F /* ServicesLocalizable.strings in Resources */,
				7F6693D92D400C1500A01912 /* Assets.xcassets in Resources */,
			);
			runOnlyForDeploymentPostprocessing = 0;
		};
/* End PBXResourcesBuildPhase section */

/* Begin PBXSourcesBuildPhase section */
		7F6693CD2D400C1400A01912 /* Sources */ = {
			isa = PBXSourcesBuildPhase;
			buildActionMask = 2147483647;
			files = (
				7F6693D52D400C1400A01912 /* AhadAlbaqmi_Drahim_AssessmentApp.swift in Sources */,
				7F4ABECF2D41784400147E5F /* EmptyView.swift in Sources */,
				7F4ABECD2D416ABA00147E5F /* Colors.swift in Sources */,
				7F4ABEC92D41612C00147E5F /* ServiceDetailView.swift in Sources */,
				7F4ABECB2D41685700147E5F /* ThemeManager.swift in Sources */,
				7F6693E72D40155300A01912 /* ServicesView.swift in Sources */,
				7F6693E92D40164D00A01912 /* ServicesModel.swift in Sources */,
				7F4ABEC62D4158B300147E5F /* localizedService.swift in Sources */,
				7F6693EB2D40199000A01912 /* ServicesViewModel.swift in Sources */,
			);
			runOnlyForDeploymentPostprocessing = 0;
		};
/* End PBXSourcesBuildPhase section */

/* Begin PBXVariantGroup section */
		7F4ABEC12D4151B100147E5F /* ServicesLocalizable.strings */ = {
			isa = PBXVariantGroup;
			children = (
				7F4ABEC22D4151B100147E5F /* en */,
				7F4ABEC42D4151FD00147E5F /* ar */,
			);
			name = ServicesLocalizable.strings;
			sourceTree = "<group>";
		};
/* End PBXVariantGroup section */

/* Begin XCBuildConfiguration section */
		7F6693DD2D400C1500A01912 /* Debug */ = {
			isa = XCBuildConfiguration;
			buildSettings = {
				ALWAYS_SEARCH_USER_PATHS = NO;
				ASSETCATALOG_COMPILER_GENERATE_SWIFT_ASSET_SYMBOL_EXTENSIONS = YES;
				CLANG_ANALYZER_LOCALIZABILITY_NONLOCALIZED = YES;
				CLANG_ANALYZER_NONNULL = YES;
				CLANG_ANALYZER_NUMBER_OBJECT_CONVERSION = YES_AGGRESSIVE;
				CLANG_CXX_LANGUAGE_STANDARD = "gnu++20";
				CLANG_ENABLE_MODULES = YES;
				CLANG_ENABLE_OBJC_ARC = YES;
				CLANG_ENABLE_OBJC_WEAK = YES;
				CLANG_WARN_BLOCK_CAPTURE_AUTORELEASING = YES;
				CLANG_WARN_BOOL_CONVERSION = YES;
				CLANG_WARN_COMMA = YES;
				CLANG_WARN_CONSTANT_CONVERSION = YES;
				CLANG_WARN_DEPRECATED_OBJC_IMPLEMENTATIONS = YES;
				CLANG_WARN_DIRECT_OBJC_ISA_USAGE = YES_ERROR;
				CLANG_WARN_DOCUMENTATION_COMMENTS = YES;
				CLANG_WARN_EMPTY_BODY = YES;
				CLANG_WARN_ENUM_CONVERSION = YES;
				CLANG_WARN_INFINITE_RECURSION = YES;
				CLANG_WARN_INT_CONVERSION = YES;
				CLANG_WARN_NON_LITERAL_NULL_CONVERSION = YES;
				CLANG_WARN_OBJC_IMPLICIT_RETAIN_SELF = YES;
				CLANG_WARN_OBJC_LITERAL_CONVERSION = YES;
				CLANG_WARN_OBJC_ROOT_CLASS = YES_ERROR;
				CLANG_WARN_QUOTED_INCLUDE_IN_FRAMEWORK_HEADER = YES;
				CLANG_WARN_RANGE_LOOP_ANALYSIS = YES;
				CLANG_WARN_STRICT_PROTOTYPES = YES;
				CLANG_WARN_SUSPICIOUS_MOVE = YES;
				CLANG_WARN_UNGUARDED_AVAILABILITY = YES_AGGRESSIVE;
				CLANG_WARN_UNREACHABLE_CODE = YES;
				CLANG_WARN__DUPLICATE_METHOD_MATCH = YES;
				COPY_PHASE_STRIP = NO;
				DEBUG_INFORMATION_FORMAT = dwarf;
				ENABLE_STRICT_OBJC_MSGSEND = YES;
				ENABLE_TESTABILITY = YES;
				ENABLE_USER_SCRIPT_SANDBOXING = YES;
				GCC_C_LANGUAGE_STANDARD = gnu17;
				GCC_DYNAMIC_NO_PIC = NO;
				GCC_NO_COMMON_BLOCKS = YES;
				GCC_OPTIMIZATION_LEVEL = 0;
				GCC_PREPROCESSOR_DEFINITIONS = (
					"DEBUG=1",
					"$(inherited)",
				);
				GCC_WARN_64_TO_32_BIT_CONVERSION = YES;
				GCC_WARN_ABOUT_RETURN_TYPE = YES_ERROR;
				GCC_WARN_UNDECLARED_SELECTOR = YES;
				GCC_WARN_UNINITIALIZED_AUTOS = YES_AGGRESSIVE;
				GCC_WARN_UNUSED_FUNCTION = YES;
				GCC_WARN_UNUSED_VARIABLE = YES;
				IPHONEOS_DEPLOYMENT_TARGET = 17.4;
				LOCALIZATION_PREFERS_STRING_CATALOGS = YES;
				MTL_ENABLE_DEBUG_INFO = INCLUDE_SOURCE;
				MTL_FAST_MATH = YES;
				ONLY_ACTIVE_ARCH = YES;
				SDKROOT = iphoneos;
				SWIFT_ACTIVE_COMPILATION_CONDITIONS = "DEBUG $(inherited)";
				SWIFT_OPTIMIZATION_LEVEL = "-Onone";
			};
			name = Debug;
		};
		7F6693DE2D400C1500A01912 /* Release */ = {
			isa = XCBuildConfiguration;
			buildSettings = {
				ALWAYS_SEARCH_USER_PATHS = NO;
				ASSETCATALOG_COMPILER_GENERATE_SWIFT_ASSET_SYMBOL_EXTENSIONS = YES;
				CLANG_ANALYZER_LOCALIZABILITY_NONLOCALIZED = YES;
				CLANG_ANALYZER_NONNULL = YES;
				CLANG_ANALYZER_NUMBER_OBJECT_CONVERSION = YES_AGGRESSIVE;
				CLANG_CXX_LANGUAGE_STANDARD = "gnu++20";
				CLANG_ENABLE_MODULES = YES;
				CLANG_ENABLE_OBJC_ARC = YES;
				CLANG_ENABLE_OBJC_WEAK = YES;
				CLANG_WARN_BLOCK_CAPTURE_AUTORELEASING = YES;
				CLANG_WARN_BOOL_CONVERSION = YES;
				CLANG_WARN_COMMA = YES;
				CLANG_WARN_CONSTANT_CONVERSION = YES;
				CLANG_WARN_DEPRECATED_OBJC_IMPLEMENTATIONS = YES;
				CLANG_WARN_DIRECT_OBJC_ISA_USAGE = YES_ERROR;
				CLANG_WARN_DOCUMENTATION_COMMENTS = YES;
				CLANG_WARN_EMPTY_BODY = YES;
				CLANG_WARN_ENUM_CONVERSION = YES;
				CLANG_WARN_INFINITE_RECURSION = YES;
				CLANG_WARN_INT_CONVERSION = YES;
				CLANG_WARN_NON_LITERAL_NULL_CONVERSION = YES;
				CLANG_WARN_OBJC_IMPLICIT_RETAIN_SELF = YES;
				CLANG_WARN_OBJC_LITERAL_CONVERSION = YES;
				CLANG_WARN_OBJC_ROOT_CLASS = YES_ERROR;
				CLANG_WARN_QUOTED_INCLUDE_IN_FRAMEWORK_HEADER = YES;
				CLANG_WARN_RANGE_LOOP_ANALYSIS = YES;
				CLANG_WARN_STRICT_PROTOTYPES = YES;
				CLANG_WARN_SUSPICIOUS_MOVE = YES;
				CLANG_WARN_UNGUARDED_AVAILABILITY = YES_AGGRESSIVE;
				CLANG_WARN_UNREACHABLE_CODE = YES;
				CLANG_WARN__DUPLICATE_METHOD_MATCH = YES;
				COPY_PHASE_STRIP = NO;
				DEBUG_INFORMATION_FORMAT = "dwarf-with-dsym";
				ENABLE_NS_ASSERTIONS = NO;
				ENABLE_STRICT_OBJC_MSGSEND = YES;
				ENABLE_USER_SCRIPT_SANDBOXING = YES;
				GCC_C_LANGUAGE_STANDARD = gnu17;
				GCC_NO_COMMON_BLOCKS = YES;
				GCC_WARN_64_TO_32_BIT_CONVERSION = YES;
				GCC_WARN_ABOUT_RETURN_TYPE = YES_ERROR;
				GCC_WARN_UNDECLARED_SELECTOR = YES;
				GCC_WARN_UNINITIALIZED_AUTOS = YES_AGGRESSIVE;
				GCC_WARN_UNUSED_FUNCTION = YES;
				GCC_WARN_UNUSED_VARIABLE = YES;
				IPHONEOS_DEPLOYMENT_TARGET = 17.4;
				LOCALIZATION_PREFERS_STRING_CATALOGS = YES;
				MTL_ENABLE_DEBUG_INFO = NO;
				MTL_FAST_MATH = YES;
				SDKROOT = iphoneos;
				SWIFT_COMPILATION_MODE = wholemodule;
				VALIDATE_PRODUCT = YES;
			};
			name = Release;
		};
		7F6693E02D400C1500A01912 /* Debug */ = {
			isa = XCBuildConfiguration;
			buildSettings = {
				ASSETCATALOG_COMPILER_APPICON_NAME = AppIcon;
				ASSETCATALOG_COMPILER_GLOBAL_ACCENT_COLOR_NAME = AccentColor;
				CODE_SIGN_STYLE = Automatic;
				CURRENT_PROJECT_VERSION = 1;
				DEVELOPMENT_ASSET_PATHS = "\"AhadAlbaqmi_Drahim_Assessment/Preview Content\"";
				DEVELOPMENT_TEAM = XHRHNUK47B;
				ENABLE_PREVIEWS = YES;
				GENERATE_INFOPLIST_FILE = YES;
				INFOPLIST_KEY_UIApplicationSceneManifest_Generation = YES;
				INFOPLIST_KEY_UIApplicationSupportsIndirectInputEvents = YES;
				INFOPLIST_KEY_UILaunchScreen_Generation = YES;
				INFOPLIST_KEY_UISupportedInterfaceOrientations_iPad = "UIInterfaceOrientationPortrait UIInterfaceOrientationPortraitUpsideDown UIInterfaceOrientationLandscapeLeft UIInterfaceOrientationLandscapeRight";
				INFOPLIST_KEY_UISupportedInterfaceOrientations_iPhone = "UIInterfaceOrientationPortrait UIInterfaceOrientationLandscapeLeft UIInterfaceOrientationLandscapeRight";
				LD_RUNPATH_SEARCH_PATHS = (
					"$(inherited)",
					"@executable_path/Frameworks",
				);
				MARKETING_VERSION = 1.0;
				PRODUCT_BUNDLE_IDENTIFIER = "com.ahad.AhadAlbaqmi-Drahim-Assessment";
				PRODUCT_NAME = "$(TARGET_NAME)";
				SWIFT_EMIT_LOC_STRINGS = YES;
				SWIFT_VERSION = 5.0;
				TARGETED_DEVICE_FAMILY = "1,2";
			};
			name = Debug;
		};
		7F6693E12D400C1500A01912 /* Release */ = {
			isa = XCBuildConfiguration;
			buildSettings = {
				ASSETCATALOG_COMPILER_APPICON_NAME = AppIcon;
				ASSETCATALOG_COMPILER_GLOBAL_ACCENT_COLOR_NAME = AccentColor;
				CODE_SIGN_STYLE = Automatic;
				CURRENT_PROJECT_VERSION = 1;
				DEVELOPMENT_ASSET_PATHS = "\"AhadAlbaqmi_Drahim_Assessment/Preview Content\"";
				DEVELOPMENT_TEAM = XHRHNUK47B;
				ENABLE_PREVIEWS = YES;
				GENERATE_INFOPLIST_FILE = YES;
				INFOPLIST_KEY_UIApplicationSceneManifest_Generation = YES;
				INFOPLIST_KEY_UIApplicationSupportsIndirectInputEvents = YES;
				INFOPLIST_KEY_UILaunchScreen_Generation = YES;
				INFOPLIST_KEY_UISupportedInterfaceOrientations_iPad = "UIInterfaceOrientationPortrait UIInterfaceOrientationPortraitUpsideDown UIInterfaceOrientationLandscapeLeft UIInterfaceOrientationLandscapeRight";
				INFOPLIST_KEY_UISupportedInterfaceOrientations_iPhone = "UIInterfaceOrientationPortrait UIInterfaceOrientationLandscapeLeft UIInterfaceOrientationLandscapeRight";
				LD_RUNPATH_SEARCH_PATHS = (
					"$(inherited)",
					"@executable_path/Frameworks",
				);
				MARKETING_VERSION = 1.0;
				PRODUCT_BUNDLE_IDENTIFIER = "com.ahad.AhadAlbaqmi-Drahim-Assessment";
				PRODUCT_NAME = "$(TARGET_NAME)";
				SWIFT_EMIT_LOC_STRINGS = YES;
				SWIFT_VERSION = 5.0;
				TARGETED_DEVICE_FAMILY = "1,2";
			};
			name = Release;
		};
/* End XCBuildConfiguration section */

/* Begin XCConfigurationList section */
		7F6693CC2D400C1400A01912 /* Build configuration list for PBXProject "AhadAlbaqmi_Drahim_Assessment" */ = {
			isa = XCConfigurationList;
			buildConfigurations = (
				7F6693DD2D400C1500A01912 /* Debug */,
				7F6693DE2D400C1500A01912 /* Release */,
			);
			defaultConfigurationIsVisible = 0;
			defaultConfigurationName = Release;
		};
		7F6693DF2D400C1500A01912 /* Build configuration list for PBXNativeTarget "AhadAlbaqmi_Drahim_Assessment" */ = {
			isa = XCConfigurationList;
			buildConfigurations = (
				7F6693E02D400C1500A01912 /* Debug */,
				7F6693E12D400C1500A01912 /* Release */,
			);
			defaultConfigurationIsVisible = 0;
			defaultConfigurationName = Release;
		};
/* End XCConfigurationList section */
	};
	rootObject = 7F6693C92D400C1400A01912 /* Project object */;
}
